// !$*UTF8*$!
{
	archiveVersion = 1;
	classes = {
	};
	objectVersion = 55;
	objects = {

/* Begin PBXBuildFile section */
		AE143BAC279FC7D7002BBD24 /* AppDelegate.swift in Sources */ = {isa = PBXBuildFile; fileRef = AE143BAB279FC7D7002BBD24 /* AppDelegate.swift */; };
		AE143BAE279FC7D7002BBD24 /* SceneDelegate.swift in Sources */ = {isa = PBXBuildFile; fileRef = AE143BAD279FC7D7002BBD24 /* SceneDelegate.swift */; };
		AE143BB5279FC7D8002BBD24 /* Assets.xcassets in Resources */ = {isa = PBXBuildFile; fileRef = AE143BB4279FC7D8002BBD24 /* Assets.xcassets */; };
		AE143BB8279FC7D8002BBD24 /* LaunchScreen.storyboard in Resources */ = {isa = PBXBuildFile; fileRef = AE143BB6279FC7D8002BBD24 /* LaunchScreen.storyboard */; };
		AE143BC1279FCB10002BBD24 /* SnapKit in Frameworks */ = {isa = PBXBuildFile; productRef = AE143BC0279FCB10002BBD24 /* SnapKit */; };
		AE143BC4279FCB1C002BBD24 /* Alamofire in Frameworks */ = {isa = PBXBuildFile; productRef = AE143BC3279FCB1C002BBD24 /* Alamofire */; };
		AE143BC8279FCB86002BBD24 /* AppCoordinator.swift in Sources */ = {isa = PBXBuildFile; fileRef = AE143BC7279FCB86002BBD24 /* AppCoordinator.swift */; };
		AE143BCB279FCBA4002BBD24 /* Coordinator.swift in Sources */ = {isa = PBXBuildFile; fileRef = AE143BCA279FCBA4002BBD24 /* Coordinator.swift */; };
		AE143BD1279FCE52002BBD24 /* SummonerSearchViewController.swift in Sources */ = {isa = PBXBuildFile; fileRef = AE143BD0279FCE52002BBD24 /* SummonerSearchViewController.swift */; };
		AE143BD3279FCE5A002BBD24 /* SummonerSearchCoordinator.swift in Sources */ = {isa = PBXBuildFile; fileRef = AE143BD2279FCE5A002BBD24 /* SummonerSearchCoordinator.swift */; };
		AE143BD5279FCE67002BBD24 /* SummonerSearchViewModel.swift in Sources */ = {isa = PBXBuildFile; fileRef = AE143BD4279FCE67002BBD24 /* SummonerSearchViewModel.swift */; };
		AE143BD7279FD264002BBD24 /* riot.txt in Resources */ = {isa = PBXBuildFile; fileRef = AE143BD6279FD264002BBD24 /* riot.txt */; };
/* End PBXBuildFile section */

/* Begin PBXFileReference section */
		AE143BA8279FC7D7002BBD24 /* LOLEasy.app */ = {isa = PBXFileReference; explicitFileType = wrapper.application; includeInIndex = 0; path = LOLEasy.app; sourceTree = BUILT_PRODUCTS_DIR; };
		AE143BAB279FC7D7002BBD24 /* AppDelegate.swift */ = {isa = PBXFileReference; lastKnownFileType = sourcecode.swift; path = AppDelegate.swift; sourceTree = "<group>"; };
		AE143BAD279FC7D7002BBD24 /* SceneDelegate.swift */ = {isa = PBXFileReference; lastKnownFileType = sourcecode.swift; path = SceneDelegate.swift; sourceTree = "<group>"; };
		AE143BB4279FC7D8002BBD24 /* Assets.xcassets */ = {isa = PBXFileReference; lastKnownFileType = folder.assetcatalog; path = Assets.xcassets; sourceTree = "<group>"; };
		AE143BB7279FC7D8002BBD24 /* Base */ = {isa = PBXFileReference; lastKnownFileType = file.storyboard; name = Base; path = Base.lproj/LaunchScreen.storyboard; sourceTree = "<group>"; };
		AE143BB9279FC7D8002BBD24 /* Info.plist */ = {isa = PBXFileReference; lastKnownFileType = text.plist.xml; path = Info.plist; sourceTree = "<group>"; };
		AE143BC7279FCB86002BBD24 /* AppCoordinator.swift */ = {isa = PBXFileReference; lastKnownFileType = sourcecode.swift; path = AppCoordinator.swift; sourceTree = "<group>"; };
		AE143BCA279FCBA4002BBD24 /* Coordinator.swift */ = {isa = PBXFileReference; lastKnownFileType = sourcecode.swift; path = Coordinator.swift; sourceTree = "<group>"; };
		AE143BD0279FCE52002BBD24 /* SummonerSearchViewController.swift */ = {isa = PBXFileReference; lastKnownFileType = sourcecode.swift; path = SummonerSearchViewController.swift; sourceTree = "<group>"; };
		AE143BD2279FCE5A002BBD24 /* SummonerSearchCoordinator.swift */ = {isa = PBXFileReference; lastKnownFileType = sourcecode.swift; path = SummonerSearchCoordinator.swift; sourceTree = "<group>"; };
		AE143BD4279FCE67002BBD24 /* SummonerSearchViewModel.swift */ = {isa = PBXFileReference; lastKnownFileType = sourcecode.swift; path = SummonerSearchViewModel.swift; sourceTree = "<group>"; };
		AE143BD6279FD264002BBD24 /* riot.txt */ = {isa = PBXFileReference; lastKnownFileType = text; path = riot.txt; sourceTree = "<group>"; };
/* End PBXFileReference section */

/* Begin PBXFrameworksBuildPhase section */
		AE143BA5279FC7D7002BBD24 /* Frameworks */ = {
			isa = PBXFrameworksBuildPhase;
			buildActionMask = 2147483647;
			files = (
				AE143BC1279FCB10002BBD24 /* SnapKit in Frameworks */,
				AE143BC4279FCB1C002BBD24 /* Alamofire in Frameworks */,
			);
			runOnlyForDeploymentPostprocessing = 0;
		};
/* End PBXFrameworksBuildPhase section */

/* Begin PBXGroup section */
		AE143B9F279FC7D7002BBD24 = {
			isa = PBXGroup;
			children = (
				AE143BAA279FC7D7002BBD24 /* LOLEasy */,
				AE143BA9279FC7D7002BBD24 /* Products */,
			);
			sourceTree = "<group>";
		};
		AE143BA9279FC7D7002BBD24 /* Products */ = {
			isa = PBXGroup;
			children = (
				AE143BA8279FC7D7002BBD24 /* LOLEasy.app */,
			);
			name = Products;
			sourceTree = "<group>";
		};
		AE143BAA279FC7D7002BBD24 /* LOLEasy */ = {
			isa = PBXGroup;
			children = (
				AE143BCE279FCC80002BBD24 /* Data */,
				AE143BCD279FCC7D002BBD24 /* Domain */,
				AE143BCC279FCC74002BBD24 /* Presentation */,
				AE143BC9279FCB8F002BBD24 /* Common */,
				AE143BC6279FCB78002BBD24 /* App */,
				AE143BAB279FC7D7002BBD24 /* AppDelegate.swift */,
				AE143BAD279FC7D7002BBD24 /* SceneDelegate.swift */,
				AE143BB4279FC7D8002BBD24 /* Assets.xcassets */,
				AE143BB6279FC7D8002BBD24 /* LaunchScreen.storyboard */,
				AE143BB9279FC7D8002BBD24 /* Info.plist */,
				AE143BD6279FD264002BBD24 /* riot.txt */,
			);
			path = LOLEasy;
			sourceTree = "<group>";
		};
		AE143BC6279FCB78002BBD24 /* App */ = {
			isa = PBXGroup;
			children = (
				AE143BC7279FCB86002BBD24 /* AppCoordinator.swift */,
			);
			path = App;
			sourceTree = "<group>";
		};
		AE143BC9279FCB8F002BBD24 /* Common */ = {
			isa = PBXGroup;
			children = (
				AE143BCA279FCBA4002BBD24 /* Coordinator.swift */,
			);
			path = Common;
			sourceTree = "<group>";
		};
		AE143BCC279FCC74002BBD24 /* Presentation */ = {
			isa = PBXGroup;
			children = (
				AE143BCF279FCE1A002BBD24 /* Search */,
			);
			path = Presentation;
			sourceTree = "<group>";
		};
		AE143BCD279FCC7D002BBD24 /* Domain */ = {
			isa = PBXGroup;
			children = (
			);
			path = Domain;
			sourceTree = "<group>";
		};
		AE143BCE279FCC80002BBD24 /* Data */ = {
			isa = PBXGroup;
			children = (
			);
			path = Data;
			sourceTree = "<group>";
		};
		AE143BCF279FCE1A002BBD24 /* Search */ = {
			isa = PBXGroup;
			children = (
				AE143BDA279FD880002BBD24 /* Coordinator */,
				AE143BD9279FD87C002BBD24 /* ViewModel */,
				AE143BD8279FD877002BBD24 /* View */,
			);
			path = Search;
			sourceTree = "<group>";
		};
		AE143BD8279FD877002BBD24 /* View */ = {
			isa = PBXGroup;
			children = (
				AE143BD0279FCE52002BBD24 /* SummonerSearchViewController.swift */,
			);
			path = View;
			sourceTree = "<group>";
		};
		AE143BD9279FD87C002BBD24 /* ViewModel */ = {
			isa = PBXGroup;
			children = (
				AE143BD4279FCE67002BBD24 /* SummonerSearchViewModel.swift */,
			);
			path = ViewModel;
			sourceTree = "<group>";
		};
		AE143BDA279FD880002BBD24 /* Coordinator */ = {
			isa = PBXGroup;
			children = (
				AE143BD2279FCE5A002BBD24 /* SummonerSearchCoordinator.swift */,
			);
			path = Coordinator;
			sourceTree = "<group>";
		};
/* End PBXGroup section */

/* Begin PBXNativeTarget section */
		AE143BA7279FC7D7002BBD24 /* LOLEasy */ = {
			isa = PBXNativeTarget;
			buildConfigurationList = AE143BBC279FC7D8002BBD24 /* Build configuration list for PBXNativeTarget "LOLEasy" */;
			buildPhases = (
				AE143BA4279FC7D7002BBD24 /* Sources */,
				AE143BA5279FC7D7002BBD24 /* Frameworks */,
				AE143BA6279FC7D7002BBD24 /* Resources */,
			);
			buildRules = (
			);
			dependencies = (
			);
			name = LOLEasy;
			packageProductDependencies = (
				AE143BC0279FCB10002BBD24 /* SnapKit */,
				AE143BC3279FCB1C002BBD24 /* Alamofire */,
			);
			productName = LOLEasy;
			productReference = AE143BA8279FC7D7002BBD24 /* LOLEasy.app */;
			productType = "com.apple.product-type.application";
		};
/* End PBXNativeTarget section */

/* Begin PBXProject section */
		AE143BA0279FC7D7002BBD24 /* Project object */ = {
			isa = PBXProject;
			attributes = {
				BuildIndependentTargetsInParallel = 1;
				LastSwiftUpdateCheck = 1300;
				LastUpgradeCheck = 1300;
				TargetAttributes = {
					AE143BA7279FC7D7002BBD24 = {
						CreatedOnToolsVersion = 13.0;
					};
				};
			};
			buildConfigurationList = AE143BA3279FC7D7002BBD24 /* Build configuration list for PBXProject "LOLEasy" */;
			compatibilityVersion = "Xcode 13.0";
			developmentRegion = en;
			hasScannedForEncodings = 0;
			knownRegions = (
				en,
				Base,
			);
			mainGroup = AE143B9F279FC7D7002BBD24;
			packageReferences = (
				AE143BBF279FCB10002BBD24 /* XCRemoteSwiftPackageReference "SnapKit" */,
				AE143BC2279FCB1C002BBD24 /* XCRemoteSwiftPackageReference "Alamofire" */,
			);
			productRefGroup = AE143BA9279FC7D7002BBD24 /* Products */;
			projectDirPath = "";
			projectRoot = "";
			targets = (
				AE143BA7279FC7D7002BBD24 /* LOLEasy */,
			);
		};
/* End PBXProject section */

/* Begin PBXResourcesBuildPhase section */
		AE143BA6279FC7D7002BBD24 /* Resources */ = {
			isa = PBXResourcesBuildPhase;
			buildActionMask = 2147483647;
			files = (
				AE143BB8279FC7D8002BBD24 /* LaunchScreen.storyboard in Resources */,
				AE143BD7279FD264002BBD24 /* riot.txt in Resources */,
				AE143BB5279FC7D8002BBD24 /* Assets.xcassets in Resources */,
			);
			runOnlyForDeploymentPostprocessing = 0;
		};
/* End PBXResourcesBuildPhase section */

/* Begin PBXSourcesBuildPhase section */
		AE143BA4279FC7D7002BBD24 /* Sources */ = {
			isa = PBXSourcesBuildPhase;
			buildActionMask = 2147483647;
			files = (
				AE143BCB279FCBA4002BBD24 /* Coordinator.swift in Sources */,
				AE143BD5279FCE67002BBD24 /* SummonerSearchViewModel.swift in Sources */,
				AE143BD1279FCE52002BBD24 /* SummonerSearchViewController.swift in Sources */,
				AE143BC8279FCB86002BBD24 /* AppCoordinator.swift in Sources */,
				AE143BAC279FC7D7002BBD24 /* AppDelegate.swift in Sources */,
				AE143BD3279FCE5A002BBD24 /* SummonerSearchCoordinator.swift in Sources */,
				AE143BAE279FC7D7002BBD24 /* SceneDelegate.swift in Sources */,
			);
			runOnlyForDeploymentPostprocessing = 0;
		};
/* End PBXSourcesBuildPhase section */

/* Begin PBXVariantGroup section */
		AE143BB6279FC7D8002BBD24 /* LaunchScreen.storyboard */ = {
			isa = PBXVariantGroup;
			children = (
				AE143BB7279FC7D8002BBD24 /* Base */,
			);
			name = LaunchScreen.storyboard;
			sourceTree = "<group>";
		};
/* End PBXVariantGroup section */

/* Begin XCBuildConfiguration section */
		AE143BBA279FC7D8002BBD24 /* Debug */ = {
			isa = XCBuildConfiguration;
			buildSettings = {
				ALWAYS_SEARCH_USER_PATHS = NO;
				CLANG_ANALYZER_NONNULL = YES;
				CLANG_ANALYZER_NUMBER_OBJECT_CONVERSION = YES_AGGRESSIVE;
				CLANG_CXX_LANGUAGE_STANDARD = "gnu++17";
				CLANG_CXX_LIBRARY = "libc++";
				CLANG_ENABLE_MODULES = YES;
				CLANG_ENABLE_OBJC_ARC = YES;
				CLANG_ENABLE_OBJC_WEAK = YES;
				CLANG_WARN_BLOCK_CAPTURE_AUTORELEASING = YES;
				CLANG_WARN_BOOL_CONVERSION = YES;
				CLANG_WARN_COMMA = YES;
				CLANG_WARN_CONSTANT_CONVERSION = YES;
				CLANG_WARN_DEPRECATED_OBJC_IMPLEMENTATIONS = YES;
				CLANG_WARN_DIRECT_OBJC_ISA_USAGE = YES_ERROR;
				CLANG_WARN_DOCUMENTATION_COMMENTS = YES;
				CLANG_WARN_EMPTY_BODY = YES;
				CLANG_WARN_ENUM_CONVERSION = YES;
				CLANG_WARN_INFINITE_RECURSION = YES;
				CLANG_WARN_INT_CONVERSION = YES;
				CLANG_WARN_NON_LITERAL_NULL_CONVERSION = YES;
				CLANG_WARN_OBJC_IMPLICIT_RETAIN_SELF = YES;
				CLANG_WARN_OBJC_LITERAL_CONVERSION = YES;
				CLANG_WARN_OBJC_ROOT_CLASS = YES_ERROR;
				CLANG_WARN_QUOTED_INCLUDE_IN_FRAMEWORK_HEADER = YES;
				CLANG_WARN_RANGE_LOOP_ANALYSIS = YES;
				CLANG_WARN_STRICT_PROTOTYPES = YES;
				CLANG_WARN_SUSPICIOUS_MOVE = YES;
				CLANG_WARN_UNGUARDED_AVAILABILITY = YES_AGGRESSIVE;
				CLANG_WARN_UNREACHABLE_CODE = YES;
				CLANG_WARN__DUPLICATE_METHOD_MATCH = YES;
				COPY_PHASE_STRIP = NO;
				DEBUG_INFORMATION_FORMAT = dwarf;
				ENABLE_STRICT_OBJC_MSGSEND = YES;
				ENABLE_TESTABILITY = YES;
				GCC_C_LANGUAGE_STANDARD = gnu11;
				GCC_DYNAMIC_NO_PIC = NO;
				GCC_NO_COMMON_BLOCKS = YES;
				GCC_OPTIMIZATION_LEVEL = 0;
				GCC_PREPROCESSOR_DEFINITIONS = (
					"DEBUG=1",
					"$(inherited)",
				);
				GCC_WARN_64_TO_32_BIT_CONVERSION = YES;
				GCC_WARN_ABOUT_RETURN_TYPE = YES_ERROR;
				GCC_WARN_UNDECLARED_SELECTOR = YES;
				GCC_WARN_UNINITIALIZED_AUTOS = YES_AGGRESSIVE;
				GCC_WARN_UNUSED_FUNCTION = YES;
				GCC_WARN_UNUSED_VARIABLE = YES;
				IPHONEOS_DEPLOYMENT_TARGET = 15.0;
				MTL_ENABLE_DEBUG_INFO = INCLUDE_SOURCE;
				MTL_FAST_MATH = YES;
				ONLY_ACTIVE_ARCH = YES;
				SDKROOT = iphoneos;
				SWIFT_ACTIVE_COMPILATION_CONDITIONS = DEBUG;
				SWIFT_OPTIMIZATION_LEVEL = "-Onone";
			};
			name = Debug;
		};
		AE143BBB279FC7D8002BBD24 /* Release */ = {
			isa = XCBuildConfiguration;
			buildSettings = {
				ALWAYS_SEARCH_USER_PATHS = NO;
				CLANG_ANALYZER_NONNULL = YES;
				CLANG_ANALYZER_NUMBER_OBJECT_CONVERSION = YES_AGGRESSIVE;
				CLANG_CXX_LANGUAGE_STANDARD = "gnu++17";
				CLANG_CXX_LIBRARY = "libc++";
				CLANG_ENABLE_MODULES = YES;
				CLANG_ENABLE_OBJC_ARC = YES;
				CLANG_ENABLE_OBJC_WEAK = YES;
				CLANG_WARN_BLOCK_CAPTURE_AUTORELEASING = YES;
				CLANG_WARN_BOOL_CONVERSION = YES;
				CLANG_WARN_COMMA = YES;
				CLANG_WARN_CONSTANT_CONVERSION = YES;
				CLANG_WARN_DEPRECATED_OBJC_IMPLEMENTATIONS = YES;
				CLANG_WARN_DIRECT_OBJC_ISA_USAGE = YES_ERROR;
				CLANG_WARN_DOCUMENTATION_COMMENTS = YES;
				CLANG_WARN_EMPTY_BODY = YES;
				CLANG_WARN_ENUM_CONVERSION = YES;
				CLANG_WARN_INFINITE_RECURSION = YES;
				CLANG_WARN_INT_CONVERSION = YES;
				CLANG_WARN_NON_LITERAL_NULL_CONVERSION = YES;
				CLANG_WARN_OBJC_IMPLICIT_RETAIN_SELF = YES;
				CLANG_WARN_OBJC_LITERAL_CONVERSION = YES;
				CLANG_WARN_OBJC_ROOT_CLASS = YES_ERROR;
				CLANG_WARN_QUOTED_INCLUDE_IN_FRAMEWORK_HEADER = YES;
				CLANG_WARN_RANGE_LOOP_ANALYSIS = YES;
				CLANG_WARN_STRICT_PROTOTYPES = YES;
				CLANG_WARN_SUSPICIOUS_MOVE = YES;
				CLANG_WARN_UNGUARDED_AVAILABILITY = YES_AGGRESSIVE;
				CLANG_WARN_UNREACHABLE_CODE = YES;
				CLANG_WARN__DUPLICATE_METHOD_MATCH = YES;
				COPY_PHASE_STRIP = NO;
				DEBUG_INFORMATION_FORMAT = "dwarf-with-dsym";
				ENABLE_NS_ASSERTIONS = NO;
				ENABLE_STRICT_OBJC_MSGSEND = YES;
				GCC_C_LANGUAGE_STANDARD = gnu11;
				GCC_NO_COMMON_BLOCKS = YES;
				GCC_WARN_64_TO_32_BIT_CONVERSION = YES;
				GCC_WARN_ABOUT_RETURN_TYPE = YES_ERROR;
				GCC_WARN_UNDECLARED_SELECTOR = YES;
				GCC_WARN_UNINITIALIZED_AUTOS = YES_AGGRESSIVE;
				GCC_WARN_UNUSED_FUNCTION = YES;
				GCC_WARN_UNUSED_VARIABLE = YES;
				IPHONEOS_DEPLOYMENT_TARGET = 15.0;
				MTL_ENABLE_DEBUG_INFO = NO;
				MTL_FAST_MATH = YES;
				SDKROOT = iphoneos;
				SWIFT_COMPILATION_MODE = wholemodule;
				SWIFT_OPTIMIZATION_LEVEL = "-O";
				VALIDATE_PRODUCT = YES;
			};
			name = Release;
		};
		AE143BBD279FC7D8002BBD24 /* Debug */ = {
			isa = XCBuildConfiguration;
			buildSettings = {
				ASSETCATALOG_COMPILER_APPICON_NAME = AppIcon;
				ASSETCATALOG_COMPILER_GLOBAL_ACCENT_COLOR_NAME = AccentColor;
				CODE_SIGN_STYLE = Automatic;
				CURRENT_PROJECT_VERSION = 1;
				DEVELOPMENT_TEAM = HWBJNMY98D;
				GENERATE_INFOPLIST_FILE = YES;
				INFOPLIST_FILE = LOLEasy/Info.plist;
				INFOPLIST_KEY_UIApplicationSupportsIndirectInputEvents = YES;
				INFOPLIST_KEY_UILaunchStoryboardName = LaunchScreen;
				INFOPLIST_KEY_UISupportedInterfaceOrientations_iPad = "UIInterfaceOrientationPortrait UIInterfaceOrientationPortraitUpsideDown UIInterfaceOrientationLandscapeLeft UIInterfaceOrientationLandscapeRight";
				INFOPLIST_KEY_UISupportedInterfaceOrientations_iPhone = "UIInterfaceOrientationPortrait UIInterfaceOrientationLandscapeLeft UIInterfaceOrientationLandscapeRight";
				IPHONEOS_DEPLOYMENT_TARGET = 13.0;
				LD_RUNPATH_SEARCH_PATHS = (
					"$(inherited)",
					"@executable_path/Frameworks",
				);
				MARKETING_VERSION = 1.0;
				PRODUCT_BUNDLE_IDENTIFIER = kr.co.test.LOLEasy;
				PRODUCT_NAME = "$(TARGET_NAME)";
				SWIFT_EMIT_LOC_STRINGS = YES;
				SWIFT_VERSION = 5.0;
				TARGETED_DEVICE_FAMILY = "1,2";
			};
			name = Debug;
		};
		AE143BBE279FC7D8002BBD24 /* Release */ = {
			isa = XCBuildConfiguration;
			buildSettings = {
				ASSETCATALOG_COMPILER_APPICON_NAME = AppIcon;
				ASSETCATALOG_COMPILER_GLOBAL_ACCENT_COLOR_NAME = AccentColor;
				CODE_SIGN_STYLE = Automatic;
				CURRENT_PROJECT_VERSION = 1;
				DEVELOPMENT_TEAM = HWBJNMY98D;
				GENERATE_INFOPLIST_FILE = YES;
				INFOPLIST_FILE = LOLEasy/Info.plist;
				INFOPLIST_KEY_UIApplicationSupportsIndirectInputEvents = YES;
				INFOPLIST_KEY_UILaunchStoryboardName = LaunchScreen;
				INFOPLIST_KEY_UISupportedInterfaceOrientations_iPad = "UIInterfaceOrientationPortrait UIInterfaceOrientationPortraitUpsideDown UIInterfaceOrientationLandscapeLeft UIInterfaceOrientationLandscapeRight";
				INFOPLIST_KEY_UISupportedInterfaceOrientations_iPhone = "UIInterfaceOrientationPortrait UIInterfaceOrientationLandscapeLeft UIInterfaceOrientationLandscapeRight";
				IPHONEOS_DEPLOYMENT_TARGET = 13.0;
				LD_RUNPATH_SEARCH_PATHS = (
					"$(inherited)",
					"@executable_path/Frameworks",
				);
				MARKETING_VERSION = 1.0;
				PRODUCT_BUNDLE_IDENTIFIER = kr.co.test.LOLEasy;
				PRODUCT_NAME = "$(TARGET_NAME)";
				SWIFT_EMIT_LOC_STRINGS = YES;
				SWIFT_VERSION = 5.0;
				TARGETED_DEVICE_FAMILY = "1,2";
			};
			name = Release;
		};
/* End XCBuildConfiguration section */

/* Begin XCConfigurationList section */
		AE143BA3279FC7D7002BBD24 /* Build configuration list for PBXProject "LOLEasy" */ = {
			isa = XCConfigurationList;
			buildConfigurations = (
				AE143BBA279FC7D8002BBD24 /* Debug */,
				AE143BBB279FC7D8002BBD24 /* Release */,
			);
			defaultConfigurationIsVisible = 0;
			defaultConfigurationName = Release;
		};
		AE143BBC279FC7D8002BBD24 /* Build configuration list for PBXNativeTarget "LOLEasy" */ = {
			isa = XCConfigurationList;
			buildConfigurations = (
				AE143BBD279FC7D8002BBD24 /* Debug */,
				AE143BBE279FC7D8002BBD24 /* Release */,
			);
			defaultConfigurationIsVisible = 0;
			defaultConfigurationName = Release;
		};
/* End XCConfigurationList section */

/* Begin XCRemoteSwiftPackageReference section */
		AE143BBF279FCB10002BBD24 /* XCRemoteSwiftPackageReference "SnapKit" */ = {
			isa = XCRemoteSwiftPackageReference;
			repositoryURL = "https://github.com/SnapKit/SnapKit.git";
			requirement = {
				kind = upToNextMajorVersion;
				minimumVersion = 5.0.0;
			};
		};
		AE143BC2279FCB1C002BBD24 /* XCRemoteSwiftPackageReference "Alamofire" */ = {
			isa = XCRemoteSwiftPackageReference;
			repositoryURL = "https://github.com/Alamofire/Alamofire.git";
			requirement = {
				kind = upToNextMajorVersion;
				minimumVersion = 5.0.0;
			};
		};
/* End XCRemoteSwiftPackageReference section */

/* Begin XCSwiftPackageProductDependency section */
		AE143BC0279FCB10002BBD24 /* SnapKit */ = {
			isa = XCSwiftPackageProductDependency;
			package = AE143BBF279FCB10002BBD24 /* XCRemoteSwiftPackageReference "SnapKit" */;
			productName = SnapKit;
		};
		AE143BC3279FCB1C002BBD24 /* Alamofire */ = {
			isa = XCSwiftPackageProductDependency;
			package = AE143BC2279FCB1C002BBD24 /* XCRemoteSwiftPackageReference "Alamofire" */;
			productName = Alamofire;
		};
/* End XCSwiftPackageProductDependency section */
	};
	rootObject = AE143BA0279FC7D7002BBD24 /* Project object */;
}
