// !$*UTF8*$!
{
	archiveVersion = 1;
	classes = {
	};
	objectVersion = 55;
	objects = {

/* Begin PBXBuildFile section */
		33EFF08CEE92BDEDBD05FB61 /* Pods_LOLEasy.framework in Frameworks */ = {isa = PBXBuildFile; fileRef = E1A6B626030635D78BB59F7A /* Pods_LOLEasy.framework */; };
		AE143BAC279FC7D7002BBD24 /* AppDelegate.swift in Sources */ = {isa = PBXBuildFile; fileRef = AE143BAB279FC7D7002BBD24 /* AppDelegate.swift */; };
		AE143BAE279FC7D7002BBD24 /* SceneDelegate.swift in Sources */ = {isa = PBXBuildFile; fileRef = AE143BAD279FC7D7002BBD24 /* SceneDelegate.swift */; };
		AE143BB5279FC7D8002BBD24 /* Assets.xcassets in Resources */ = {isa = PBXBuildFile; fileRef = AE143BB4279FC7D8002BBD24 /* Assets.xcassets */; };
		AE143BB8279FC7D8002BBD24 /* LaunchScreen.storyboard in Resources */ = {isa = PBXBuildFile; fileRef = AE143BB6279FC7D8002BBD24 /* LaunchScreen.storyboard */; };
		AE143BC1279FCB10002BBD24 /* SnapKit in Frameworks */ = {isa = PBXBuildFile; productRef = AE143BC0279FCB10002BBD24 /* SnapKit */; };
		AE143BC4279FCB1C002BBD24 /* Alamofire in Frameworks */ = {isa = PBXBuildFile; productRef = AE143BC3279FCB1C002BBD24 /* Alamofire */; };
		AE143BC8279FCB86002BBD24 /* AppCoordinator.swift in Sources */ = {isa = PBXBuildFile; fileRef = AE143BC7279FCB86002BBD24 /* AppCoordinator.swift */; };
		AE143BCB279FCBA4002BBD24 /* Coordinator.swift in Sources */ = {isa = PBXBuildFile; fileRef = AE143BCA279FCBA4002BBD24 /* Coordinator.swift */; };
		AE143BD1279FCE52002BBD24 /* SummonerSearchViewController.swift in Sources */ = {isa = PBXBuildFile; fileRef = AE143BD0279FCE52002BBD24 /* SummonerSearchViewController.swift */; };
		AE143BD3279FCE5A002BBD24 /* SummonerSearchCoordinator.swift in Sources */ = {isa = PBXBuildFile; fileRef = AE143BD2279FCE5A002BBD24 /* SummonerSearchCoordinator.swift */; };
		AE143BD5279FCE67002BBD24 /* SummonerSearchViewModel.swift in Sources */ = {isa = PBXBuildFile; fileRef = AE143BD4279FCE67002BBD24 /* SummonerSearchViewModel.swift */; };
		AE143BDD279FD985002BBD24 /* ViewModelType.swift in Sources */ = {isa = PBXBuildFile; fileRef = AE143BDC279FD985002BBD24 /* ViewModelType.swift */; };
		AE143BE5279FE277002BBD24 /* BaseViewController.swift in Sources */ = {isa = PBXBuildFile; fileRef = AE143BE4279FE277002BBD24 /* BaseViewController.swift */; };
		AE143BE9279FE554002BBD24 /* UIColor+.swift in Sources */ = {isa = PBXBuildFile; fileRef = AE143BE8279FE554002BBD24 /* UIColor+.swift */; };
		AE5115A227AB6F85005533E4 /* UserDefaultManager.swift in Sources */ = {isa = PBXBuildFile; fileRef = AE5115A127AB6F85005533E4 /* UserDefaultManager.swift */; };
		AE5115A427AB9B6E005533E4 /* SummonerCardView.swift in Sources */ = {isa = PBXBuildFile; fileRef = AE5115A327AB9B6E005533E4 /* SummonerCardView.swift */; };
		AE5115A727ABB3D8005533E4 /* SummonerRecordViewController.swift in Sources */ = {isa = PBXBuildFile; fileRef = AE5115A627ABB3D8005533E4 /* SummonerRecordViewController.swift */; };
		AE5115AE27ABB89B005533E4 /* SummonerRecordCoordinator.swift in Sources */ = {isa = PBXBuildFile; fileRef = AE5115AD27ABB89B005533E4 /* SummonerRecordCoordinator.swift */; };
		AE53A41B27A0DC95004DFB9B /* RegisterSummonerViewController.swift in Sources */ = {isa = PBXBuildFile; fileRef = AE53A41A27A0DC95004DFB9B /* RegisterSummonerViewController.swift */; };
		AE53A41D27A0E616004DFB9B /* RegisterSummoerViewModel.swift in Sources */ = {isa = PBXBuildFile; fileRef = AE53A41C27A0E616004DFB9B /* RegisterSummoerViewModel.swift */; };
		AEC284AC27A277B000B31BD2 /* RiotAPI.swift in Sources */ = {isa = PBXBuildFile; fileRef = AEC284AB27A277B000B31BD2 /* RiotAPI.swift */; };
		AEC766F327A112E000EBF3E4 /* Observable+.swift in Sources */ = {isa = PBXBuildFile; fileRef = AEC766F227A112E000EBF3E4 /* Observable+.swift */; };
		AEC766F827A113D800EBF3E4 /* SummonerInfoUseCase.swift in Sources */ = {isa = PBXBuildFile; fileRef = AEC766F727A113D800EBF3E4 /* SummonerInfoUseCase.swift */; };
		AEC766FA27A114BB00EBF3E4 /* Summoner.swift in Sources */ = {isa = PBXBuildFile; fileRef = AEC766F927A114BB00EBF3E4 /* Summoner.swift */; };
		AEC766FC27A1154200EBF3E4 /* SummonerRepository.swift in Sources */ = {isa = PBXBuildFile; fileRef = AEC766FB27A1154200EBF3E4 /* SummonerRepository.swift */; };
		AEC766FF27A1159200EBF3E4 /* DefaultSummonerRepository.swift in Sources */ = {isa = PBXBuildFile; fileRef = AEC766FE27A1159200EBF3E4 /* DefaultSummonerRepository.swift */; };
		AEC7670227A115D100EBF3E4 /* RiotAPIDataSource.swift in Sources */ = {isa = PBXBuildFile; fileRef = AEC7670127A115D100EBF3E4 /* RiotAPIDataSource.swift */; };
		AEC7670527A1161300EBF3E4 /* SummonerResponseDTO.swift in Sources */ = {isa = PBXBuildFile; fileRef = AEC7670427A1161300EBF3E4 /* SummonerResponseDTO.swift */; };
		AEC7670727A1170A00EBF3E4 /* URL+.swift in Sources */ = {isa = PBXBuildFile; fileRef = AEC7670627A1170A00EBF3E4 /* URL+.swift */; };
		AEC7670A27A118AD00EBF3E4 /* Config.swift in Sources */ = {isa = PBXBuildFile; fileRef = AEC7670927A118AD00EBF3E4 /* Config.swift */; };
		AEC7670C27A11BF900EBF3E4 /* SummonerRequestDTO.swift in Sources */ = {isa = PBXBuildFile; fileRef = AEC7670B27A11BF900EBF3E4 /* SummonerRequestDTO.swift */; };
		AEC7670E27A1376A00EBF3E4 /* LeagueEntry.swift in Sources */ = {isa = PBXBuildFile; fileRef = AEC7670D27A1376A00EBF3E4 /* LeagueEntry.swift */; };
		AEC7671027A137F000EBF3E4 /* LeagueEntryRequestDTO.swift in Sources */ = {isa = PBXBuildFile; fileRef = AEC7670F27A137F000EBF3E4 /* LeagueEntryRequestDTO.swift */; };
		AEC7671227A137FC00EBF3E4 /* LeagueEntryResponseDTO.swift in Sources */ = {isa = PBXBuildFile; fileRef = AEC7671127A137FC00EBF3E4 /* LeagueEntryResponseDTO.swift */; };
		AEEFBB5827A3A40D00E17FB9 /* RegisterAlertViewController.swift in Sources */ = {isa = PBXBuildFile; fileRef = AEEFBB5727A3A40C00E17FB9 /* RegisterAlertViewController.swift */; };
/* End PBXBuildFile section */

/* Begin PBXFileReference section */
		AE143BA8279FC7D7002BBD24 /* LOLEasy.app */ = {isa = PBXFileReference; explicitFileType = wrapper.application; includeInIndex = 0; path = LOLEasy.app; sourceTree = BUILT_PRODUCTS_DIR; };
		AE143BAB279FC7D7002BBD24 /* AppDelegate.swift */ = {isa = PBXFileReference; lastKnownFileType = sourcecode.swift; path = AppDelegate.swift; sourceTree = "<group>"; };
		AE143BAD279FC7D7002BBD24 /* SceneDelegate.swift */ = {isa = PBXFileReference; lastKnownFileType = sourcecode.swift; path = SceneDelegate.swift; sourceTree = "<group>"; };
		AE143BB4279FC7D8002BBD24 /* Assets.xcassets */ = {isa = PBXFileReference; lastKnownFileType = folder.assetcatalog; path = Assets.xcassets; sourceTree = "<group>"; };
		AE143BB7279FC7D8002BBD24 /* Base */ = {isa = PBXFileReference; lastKnownFileType = file.storyboard; name = Base; path = Base.lproj/LaunchScreen.storyboard; sourceTree = "<group>"; };
		AE143BB9279FC7D8002BBD24 /* Info.plist */ = {isa = PBXFileReference; lastKnownFileType = text.plist.xml; path = Info.plist; sourceTree = "<group>"; };
		AE143BC7279FCB86002BBD24 /* AppCoordinator.swift */ = {isa = PBXFileReference; lastKnownFileType = sourcecode.swift; path = AppCoordinator.swift; sourceTree = "<group>"; };
		AE143BCA279FCBA4002BBD24 /* Coordinator.swift */ = {isa = PBXFileReference; lastKnownFileType = sourcecode.swift; path = Coordinator.swift; sourceTree = "<group>"; };
		AE143BD0279FCE52002BBD24 /* SummonerSearchViewController.swift */ = {isa = PBXFileReference; lastKnownFileType = sourcecode.swift; path = SummonerSearchViewController.swift; sourceTree = "<group>"; };
		AE143BD2279FCE5A002BBD24 /* SummonerSearchCoordinator.swift */ = {isa = PBXFileReference; lastKnownFileType = sourcecode.swift; path = SummonerSearchCoordinator.swift; sourceTree = "<group>"; };
		AE143BD4279FCE67002BBD24 /* SummonerSearchViewModel.swift */ = {isa = PBXFileReference; lastKnownFileType = sourcecode.swift; path = SummonerSearchViewModel.swift; sourceTree = "<group>"; };
		AE143BDC279FD985002BBD24 /* ViewModelType.swift */ = {isa = PBXFileReference; lastKnownFileType = sourcecode.swift; path = ViewModelType.swift; sourceTree = "<group>"; };
		AE143BE4279FE277002BBD24 /* BaseViewController.swift */ = {isa = PBXFileReference; lastKnownFileType = sourcecode.swift; path = BaseViewController.swift; sourceTree = "<group>"; };
		AE143BE8279FE554002BBD24 /* UIColor+.swift */ = {isa = PBXFileReference; lastKnownFileType = sourcecode.swift; path = "UIColor+.swift"; sourceTree = "<group>"; };
		AE5115A127AB6F85005533E4 /* UserDefaultManager.swift */ = {isa = PBXFileReference; lastKnownFileType = sourcecode.swift; path = UserDefaultManager.swift; sourceTree = "<group>"; };
		AE5115A327AB9B6E005533E4 /* SummonerCardView.swift */ = {isa = PBXFileReference; lastKnownFileType = sourcecode.swift; path = SummonerCardView.swift; sourceTree = "<group>"; };
		AE5115A627ABB3D8005533E4 /* SummonerRecordViewController.swift */ = {isa = PBXFileReference; lastKnownFileType = sourcecode.swift; path = SummonerRecordViewController.swift; sourceTree = "<group>"; };
		AE5115AD27ABB89B005533E4 /* SummonerRecordCoordinator.swift */ = {isa = PBXFileReference; lastKnownFileType = sourcecode.swift; path = SummonerRecordCoordinator.swift; sourceTree = "<group>"; };
		AE53A41A27A0DC95004DFB9B /* RegisterSummonerViewController.swift */ = {isa = PBXFileReference; lastKnownFileType = sourcecode.swift; path = RegisterSummonerViewController.swift; sourceTree = "<group>"; };
		AE53A41C27A0E616004DFB9B /* RegisterSummoerViewModel.swift */ = {isa = PBXFileReference; lastKnownFileType = sourcecode.swift; path = RegisterSummoerViewModel.swift; sourceTree = "<group>"; };
		AEC284AB27A277B000B31BD2 /* RiotAPI.swift */ = {isa = PBXFileReference; lastKnownFileType = sourcecode.swift; path = RiotAPI.swift; sourceTree = "<group>"; };
		AEC766F227A112E000EBF3E4 /* Observable+.swift */ = {isa = PBXFileReference; lastKnownFileType = sourcecode.swift; path = "Observable+.swift"; sourceTree = "<group>"; };
		AEC766F727A113D800EBF3E4 /* SummonerInfoUseCase.swift */ = {isa = PBXFileReference; lastKnownFileType = sourcecode.swift; path = SummonerInfoUseCase.swift; sourceTree = "<group>"; };
		AEC766F927A114BB00EBF3E4 /* Summoner.swift */ = {isa = PBXFileReference; lastKnownFileType = sourcecode.swift; path = Summoner.swift; sourceTree = "<group>"; };
		AEC766FB27A1154200EBF3E4 /* SummonerRepository.swift */ = {isa = PBXFileReference; lastKnownFileType = sourcecode.swift; path = SummonerRepository.swift; sourceTree = "<group>"; };
		AEC766FE27A1159200EBF3E4 /* DefaultSummonerRepository.swift */ = {isa = PBXFileReference; lastKnownFileType = sourcecode.swift; path = DefaultSummonerRepository.swift; sourceTree = "<group>"; };
		AEC7670127A115D100EBF3E4 /* RiotAPIDataSource.swift */ = {isa = PBXFileReference; lastKnownFileType = sourcecode.swift; path = RiotAPIDataSource.swift; sourceTree = "<group>"; };
		AEC7670427A1161300EBF3E4 /* SummonerResponseDTO.swift */ = {isa = PBXFileReference; lastKnownFileType = sourcecode.swift; path = SummonerResponseDTO.swift; sourceTree = "<group>"; };
		AEC7670627A1170A00EBF3E4 /* URL+.swift */ = {isa = PBXFileReference; lastKnownFileType = sourcecode.swift; path = "URL+.swift"; sourceTree = "<group>"; };
		AEC7670927A118AD00EBF3E4 /* Config.swift */ = {isa = PBXFileReference; lastKnownFileType = sourcecode.swift; path = Config.swift; sourceTree = "<group>"; };
		AEC7670B27A11BF900EBF3E4 /* SummonerRequestDTO.swift */ = {isa = PBXFileReference; lastKnownFileType = sourcecode.swift; path = SummonerRequestDTO.swift; sourceTree = "<group>"; };
		AEC7670D27A1376A00EBF3E4 /* LeagueEntry.swift */ = {isa = PBXFileReference; lastKnownFileType = sourcecode.swift; path = LeagueEntry.swift; sourceTree = "<group>"; };
		AEC7670F27A137F000EBF3E4 /* LeagueEntryRequestDTO.swift */ = {isa = PBXFileReference; lastKnownFileType = sourcecode.swift; path = LeagueEntryRequestDTO.swift; sourceTree = "<group>"; };
		AEC7671127A137FC00EBF3E4 /* LeagueEntryResponseDTO.swift */ = {isa = PBXFileReference; lastKnownFileType = sourcecode.swift; path = LeagueEntryResponseDTO.swift; sourceTree = "<group>"; };
		AEEFBB5727A3A40C00E17FB9 /* RegisterAlertViewController.swift */ = {isa = PBXFileReference; lastKnownFileType = sourcecode.swift; path = RegisterAlertViewController.swift; sourceTree = "<group>"; };
		C9EC3D578D96F8EB713F87B8 /* Pods-LOLEasy.debug.xcconfig */ = {isa = PBXFileReference; includeInIndex = 1; lastKnownFileType = text.xcconfig; name = "Pods-LOLEasy.debug.xcconfig"; path = "Target Support Files/Pods-LOLEasy/Pods-LOLEasy.debug.xcconfig"; sourceTree = "<group>"; };
		DEFE31823E44469536052E42 /* Pods-LOLEasy.release.xcconfig */ = {isa = PBXFileReference; includeInIndex = 1; lastKnownFileType = text.xcconfig; name = "Pods-LOLEasy.release.xcconfig"; path = "Target Support Files/Pods-LOLEasy/Pods-LOLEasy.release.xcconfig"; sourceTree = "<group>"; };
		E1A6B626030635D78BB59F7A /* Pods_LOLEasy.framework */ = {isa = PBXFileReference; explicitFileType = wrapper.framework; includeInIndex = 0; path = Pods_LOLEasy.framework; sourceTree = BUILT_PRODUCTS_DIR; };
/* End PBXFileReference section */

/* Begin PBXFrameworksBuildPhase section */
		AE143BA5279FC7D7002BBD24 /* Frameworks */ = {
			isa = PBXFrameworksBuildPhase;
			buildActionMask = 2147483647;
			files = (
				AE143BC1279FCB10002BBD24 /* SnapKit in Frameworks */,
				AE143BC4279FCB1C002BBD24 /* Alamofire in Frameworks */,
				33EFF08CEE92BDEDBD05FB61 /* Pods_LOLEasy.framework in Frameworks */,
			);
			runOnlyForDeploymentPostprocessing = 0;
		};
/* End PBXFrameworksBuildPhase section */

/* Begin PBXGroup section */
		AE143B9F279FC7D7002BBD24 = {
			isa = PBXGroup;
			children = (
				AE143BAA279FC7D7002BBD24 /* LOLEasy */,
				AE143BA9279FC7D7002BBD24 /* Products */,
				B577955CC5D6BBE8F76D8E4F /* Pods */,
				E33FE33CD5321CF6CCE9B37F /* Frameworks */,
			);
			sourceTree = "<group>";
		};
		AE143BA9279FC7D7002BBD24 /* Products */ = {
			isa = PBXGroup;
			children = (
				AE143BA8279FC7D7002BBD24 /* LOLEasy.app */,
			);
			name = Products;
			sourceTree = "<group>";
		};
		AE143BAA279FC7D7002BBD24 /* LOLEasy */ = {
			isa = PBXGroup;
			children = (
				AEC7670827A1176E00EBF3E4 /* Secret */,
				AE143BE6279FE53F002BBD24 /* Util */,
				AE143BCE279FCC80002BBD24 /* Data */,
				AE143BCD279FCC7D002BBD24 /* Domain */,
				AE143BCC279FCC74002BBD24 /* Presentation */,
				AE143BC6279FCB78002BBD24 /* App */,
				AE143BB4279FC7D8002BBD24 /* Assets.xcassets */,
				AE143BB6279FC7D8002BBD24 /* LaunchScreen.storyboard */,
				AE143BB9279FC7D8002BBD24 /* Info.plist */,
			);
			path = LOLEasy;
			sourceTree = "<group>";
		};
		AE143BC6279FCB78002BBD24 /* App */ = {
			isa = PBXGroup;
			children = (
				AE143BAD279FC7D7002BBD24 /* SceneDelegate.swift */,
				AE143BAB279FC7D7002BBD24 /* AppDelegate.swift */,
				AE143BC7279FCB86002BBD24 /* AppCoordinator.swift */,
			);
			path = App;
			sourceTree = "<group>";
		};
		AE143BC9279FCB8F002BBD24 /* Common */ = {
			isa = PBXGroup;
			children = (
				AE143BCA279FCBA4002BBD24 /* Coordinator.swift */,
				AE143BDC279FD985002BBD24 /* ViewModelType.swift */,
				AE143BE4279FE277002BBD24 /* BaseViewController.swift */,
			);
			path = Common;
			sourceTree = "<group>";
		};
		AE143BCC279FCC74002BBD24 /* Presentation */ = {
			isa = PBXGroup;
			children = (
				AE5115A527ABB381005533E4 /* Result */,
				AE143BCF279FCE1A002BBD24 /* Search */,
			);
			path = Presentation;
			sourceTree = "<group>";
		};
		AE143BCD279FCC7D002BBD24 /* Domain */ = {
			isa = PBXGroup;
			children = (
				AEC766F627A1134D00EBF3E4 /* Entity */,
				AEC766F527A1134800EBF3E4 /* UseCase */,
				AEC766F427A1134200EBF3E4 /* RepositoryProtocol */,
			);
			path = Domain;
			sourceTree = "<group>";
		};
		AE143BCE279FCC80002BBD24 /* Data */ = {
			isa = PBXGroup;
			children = (
				AEC7670327A1160100EBF3E4 /* DTO */,
				AEC7670027A115C000EBF3E4 /* DataSource */,
				AEC766FD27A1158700EBF3E4 /* Repository */,
			);
			path = Data;
			sourceTree = "<group>";
		};
		AE143BCF279FCE1A002BBD24 /* Search */ = {
			isa = PBXGroup;
			children = (
				AE143BE3279FDAD3002BBD24 /* ViewController */,
				AE143BDA279FD880002BBD24 /* Coordinator */,
				AE143BD9279FD87C002BBD24 /* ViewModel */,
				AE143BD8279FD877002BBD24 /* View */,
			);
			path = Search;
			sourceTree = "<group>";
		};
		AE143BD8279FD877002BBD24 /* View */ = {
			isa = PBXGroup;
			children = (
				AE5115A327AB9B6E005533E4 /* SummonerCardView.swift */,
			);
			path = View;
			sourceTree = "<group>";
		};
		AE143BD9279FD87C002BBD24 /* ViewModel */ = {
			isa = PBXGroup;
			children = (
				AE143BD4279FCE67002BBD24 /* SummonerSearchViewModel.swift */,
				AE53A41C27A0E616004DFB9B /* RegisterSummoerViewModel.swift */,
			);
			path = ViewModel;
			sourceTree = "<group>";
		};
		AE143BDA279FD880002BBD24 /* Coordinator */ = {
			isa = PBXGroup;
			children = (
				AE143BD2279FCE5A002BBD24 /* SummonerSearchCoordinator.swift */,
			);
			path = Coordinator;
			sourceTree = "<group>";
		};
		AE143BE3279FDAD3002BBD24 /* ViewController */ = {
			isa = PBXGroup;
			children = (
				AE143BD0279FCE52002BBD24 /* SummonerSearchViewController.swift */,
				AE53A41A27A0DC95004DFB9B /* RegisterSummonerViewController.swift */,
				AEEFBB5727A3A40C00E17FB9 /* RegisterAlertViewController.swift */,
			);
			path = ViewController;
			sourceTree = "<group>";
		};
		AE143BE6279FE53F002BBD24 /* Util */ = {
			isa = PBXGroup;
			children = (
				AE143BE7279FE54B002BBD24 /* Extension */,
				AE143BC9279FCB8F002BBD24 /* Common */,
			);
			path = Util;
			sourceTree = "<group>";
		};
		AE143BE7279FE54B002BBD24 /* Extension */ = {
			isa = PBXGroup;
			children = (
				AE143BE8279FE554002BBD24 /* UIColor+.swift */,
				AEC766F227A112E000EBF3E4 /* Observable+.swift */,
				AEC7670627A1170A00EBF3E4 /* URL+.swift */,
			);
			path = Extension;
			sourceTree = "<group>";
		};
		AE51159F27AB6F5A005533E4 /* RiotAPI */ = {
			isa = PBXGroup;
			children = (
				AEC7670127A115D100EBF3E4 /* RiotAPIDataSource.swift */,
				AEC284AB27A277B000B31BD2 /* RiotAPI.swift */,
			);
			path = RiotAPI;
			sourceTree = "<group>";
		};
		AE5115A027AB6F60005533E4 /* Local */ = {
			isa = PBXGroup;
			children = (
				AE5115A127AB6F85005533E4 /* UserDefaultManager.swift */,
			);
			path = Local;
			sourceTree = "<group>";
		};
		AE5115A527ABB381005533E4 /* Result */ = {
			isa = PBXGroup;
			children = (
				AE5115AC27ABB5DF005533E4 /* Coordinator */,
				AE5115AB27ABB3F4005533E4 /* ViewModel */,
				AE5115A927ABB3DF005533E4 /* View */,
				AE5115A827ABB3DB005533E4 /* ViewController */,
			);
			path = Result;
			sourceTree = "<group>";
		};
		AE5115A827ABB3DB005533E4 /* ViewController */ = {
			isa = PBXGroup;
			children = (
				AE5115A627ABB3D8005533E4 /* SummonerRecordViewController.swift */,
			);
			path = ViewController;
			sourceTree = "<group>";
		};
		AE5115A927ABB3DF005533E4 /* View */ = {
			isa = PBXGroup;
			children = (
			);
			path = View;
			sourceTree = "<group>";
		};
		AE5115AB27ABB3F4005533E4 /* ViewModel */ = {
			isa = PBXGroup;
			children = (
			);
			path = ViewModel;
			sourceTree = "<group>";
		};
		AE5115AC27ABB5DF005533E4 /* Coordinator */ = {
			isa = PBXGroup;
			children = (
				AE5115AD27ABB89B005533E4 /* SummonerRecordCoordinator.swift */,
			);
			path = Coordinator;
			sourceTree = "<group>";
		};
		AEC766F427A1134200EBF3E4 /* RepositoryProtocol */ = {
			isa = PBXGroup;
			children = (
				AEC766FB27A1154200EBF3E4 /* SummonerRepository.swift */,
			);
			path = RepositoryProtocol;
			sourceTree = "<group>";
		};
		AEC766F527A1134800EBF3E4 /* UseCase */ = {
			isa = PBXGroup;
			children = (
				AEC766F727A113D800EBF3E4 /* SummonerInfoUseCase.swift */,
			);
			path = UseCase;
			sourceTree = "<group>";
		};
		AEC766F627A1134D00EBF3E4 /* Entity */ = {
			isa = PBXGroup;
			children = (
				AEC766F927A114BB00EBF3E4 /* Summoner.swift */,
				AEC7670D27A1376A00EBF3E4 /* LeagueEntry.swift */,
			);
			path = Entity;
			sourceTree = "<group>";
		};
		AEC766FD27A1158700EBF3E4 /* Repository */ = {
			isa = PBXGroup;
			children = (
				AEC766FE27A1159200EBF3E4 /* DefaultSummonerRepository.swift */,
			);
			path = Repository;
			sourceTree = "<group>";
		};
		AEC7670027A115C000EBF3E4 /* DataSource */ = {
			isa = PBXGroup;
			children = (
				AE5115A027AB6F60005533E4 /* Local */,
				AE51159F27AB6F5A005533E4 /* RiotAPI */,
			);
			path = DataSource;
			sourceTree = "<group>";
		};
		AEC7670327A1160100EBF3E4 /* DTO */ = {
			isa = PBXGroup;
			children = (
				AEC7670427A1161300EBF3E4 /* SummonerResponseDTO.swift */,
				AEC7670B27A11BF900EBF3E4 /* SummonerRequestDTO.swift */,
				AEC7670F27A137F000EBF3E4 /* LeagueEntryRequestDTO.swift */,
				AEC7671127A137FC00EBF3E4 /* LeagueEntryResponseDTO.swift */,
			);
			path = DTO;
			sourceTree = "<group>";
		};
		AEC7670827A1176E00EBF3E4 /* Secret */ = {
			isa = PBXGroup;
			children = (
				AEC7670927A118AD00EBF3E4 /* Config.swift */,
			);
			path = Secret;
			sourceTree = "<group>";
		};
		B577955CC5D6BBE8F76D8E4F /* Pods */ = {
			isa = PBXGroup;
			children = (
				C9EC3D578D96F8EB713F87B8 /* Pods-LOLEasy.debug.xcconfig */,
				DEFE31823E44469536052E42 /* Pods-LOLEasy.release.xcconfig */,
			);
			path = Pods;
			sourceTree = "<group>";
		};
		E33FE33CD5321CF6CCE9B37F /* Frameworks */ = {
			isa = PBXGroup;
			children = (
				E1A6B626030635D78BB59F7A /* Pods_LOLEasy.framework */,
			);
			name = Frameworks;
			sourceTree = "<group>";
		};
/* End PBXGroup section */

/* Begin PBXNativeTarget section */
		AE143BA7279FC7D7002BBD24 /* LOLEasy */ = {
			isa = PBXNativeTarget;
			buildConfigurationList = AE143BBC279FC7D8002BBD24 /* Build configuration list for PBXNativeTarget "LOLEasy" */;
			buildPhases = (
				6B928B65614FE716DC350A8D /* [CP] Check Pods Manifest.lock */,
				AE143BA4279FC7D7002BBD24 /* Sources */,
				AE143BA5279FC7D7002BBD24 /* Frameworks */,
				AE143BA6279FC7D7002BBD24 /* Resources */,
				270C0E220CFC9397081FF31C /* [CP] Embed Pods Frameworks */,
			);
			buildRules = (
			);
			dependencies = (
			);
			name = LOLEasy;
			packageProductDependencies = (
				AE143BC0279FCB10002BBD24 /* SnapKit */,
				AE143BC3279FCB1C002BBD24 /* Alamofire */,
			);
			productName = LOLEasy;
			productReference = AE143BA8279FC7D7002BBD24 /* LOLEasy.app */;
			productType = "com.apple.product-type.application";
		};
/* End PBXNativeTarget section */

/* Begin PBXProject section */
		AE143BA0279FC7D7002BBD24 /* Project object */ = {
			isa = PBXProject;
			attributes = {
				BuildIndependentTargetsInParallel = 1;
				LastSwiftUpdateCheck = 1300;
				LastUpgradeCheck = 1300;
				TargetAttributes = {
					AE143BA7279FC7D7002BBD24 = {
						CreatedOnToolsVersion = 13.0;
					};
				};
			};
			buildConfigurationList = AE143BA3279FC7D7002BBD24 /* Build configuration list for PBXProject "LOLEasy" */;
			compatibilityVersion = "Xcode 13.0";
			developmentRegion = en;
			hasScannedForEncodings = 0;
			knownRegions = (
				en,
				Base,
			);
			mainGroup = AE143B9F279FC7D7002BBD24;
			packageReferences = (
				AE143BBF279FCB10002BBD24 /* XCRemoteSwiftPackageReference "SnapKit" */,
				AE143BC2279FCB1C002BBD24 /* XCRemoteSwiftPackageReference "Alamofire" */,
			);
			productRefGroup = AE143BA9279FC7D7002BBD24 /* Products */;
			projectDirPath = "";
			projectRoot = "";
			targets = (
				AE143BA7279FC7D7002BBD24 /* LOLEasy */,
			);
		};
/* End PBXProject section */

/* Begin PBXResourcesBuildPhase section */
		AE143BA6279FC7D7002BBD24 /* Resources */ = {
			isa = PBXResourcesBuildPhase;
			buildActionMask = 2147483647;
			files = (
				AE143BB8279FC7D8002BBD24 /* LaunchScreen.storyboard in Resources */,
				AE143BB5279FC7D8002BBD24 /* Assets.xcassets in Resources */,
			);
			runOnlyForDeploymentPostprocessing = 0;
		};
/* End PBXResourcesBuildPhase section */

/* Begin PBXShellScriptBuildPhase section */
		270C0E220CFC9397081FF31C /* [CP] Embed Pods Frameworks */ = {
			isa = PBXShellScriptBuildPhase;
			buildActionMask = 2147483647;
			files = (
			);
			inputFileListPaths = (
				"${PODS_ROOT}/Target Support Files/Pods-LOLEasy/Pods-LOLEasy-frameworks-${CONFIGURATION}-input-files.xcfilelist",
			);
			name = "[CP] Embed Pods Frameworks";
			outputFileListPaths = (
				"${PODS_ROOT}/Target Support Files/Pods-LOLEasy/Pods-LOLEasy-frameworks-${CONFIGURATION}-output-files.xcfilelist",
			);
			runOnlyForDeploymentPostprocessing = 0;
			shellPath = /bin/sh;
			shellScript = "\"${PODS_ROOT}/Target Support Files/Pods-LOLEasy/Pods-LOLEasy-frameworks.sh\"\n";
			showEnvVarsInLog = 0;
		};
		6B928B65614FE716DC350A8D /* [CP] Check Pods Manifest.lock */ = {
			isa = PBXShellScriptBuildPhase;
			buildActionMask = 2147483647;
			files = (
			);
			inputFileListPaths = (
			);
			inputPaths = (
				"${PODS_PODFILE_DIR_PATH}/Podfile.lock",
				"${PODS_ROOT}/Manifest.lock",
			);
			name = "[CP] Check Pods Manifest.lock";
			outputFileListPaths = (
			);
			outputPaths = (
				"$(DERIVED_FILE_DIR)/Pods-LOLEasy-checkManifestLockResult.txt",
			);
			runOnlyForDeploymentPostprocessing = 0;
			shellPath = /bin/sh;
			shellScript = "diff \"${PODS_PODFILE_DIR_PATH}/Podfile.lock\" \"${PODS_ROOT}/Manifest.lock\" > /dev/null\nif [ $? != 0 ] ; then\n    # print error to STDERR\n    echo \"error: The sandbox is not in sync with the Podfile.lock. Run 'pod install' or update your CocoaPods installation.\" >&2\n    exit 1\nfi\n# This output is used by Xcode 'outputs' to avoid re-running this script phase.\necho \"SUCCESS\" > \"${SCRIPT_OUTPUT_FILE_0}\"\n";
			showEnvVarsInLog = 0;
		};
/* End PBXShellScriptBuildPhase section */

/* Begin PBXSourcesBuildPhase section */
		AE143BA4279FC7D7002BBD24 /* Sources */ = {
			isa = PBXSourcesBuildPhase;
			buildActionMask = 2147483647;
			files = (
				AE143BCB279FCBA4002BBD24 /* Coordinator.swift in Sources */,
				AEC7670E27A1376A00EBF3E4 /* LeagueEntry.swift in Sources */,
				AEC7670527A1161300EBF3E4 /* SummonerResponseDTO.swift in Sources */,
				AE143BD5279FCE67002BBD24 /* SummonerSearchViewModel.swift in Sources */,
				AE143BD1279FCE52002BBD24 /* SummonerSearchViewController.swift in Sources */,
				AEC7671227A137FC00EBF3E4 /* LeagueEntryResponseDTO.swift in Sources */,
				AE5115A227AB6F85005533E4 /* UserDefaultManager.swift in Sources */,
				AEC766F327A112E000EBF3E4 /* Observable+.swift in Sources */,
				AE143BC8279FCB86002BBD24 /* AppCoordinator.swift in Sources */,
				AE143BDD279FD985002BBD24 /* ViewModelType.swift in Sources */,
				AE5115A427AB9B6E005533E4 /* SummonerCardView.swift in Sources */,
				AE53A41B27A0DC95004DFB9B /* RegisterSummonerViewController.swift in Sources */,
				AEC7670227A115D100EBF3E4 /* RiotAPIDataSource.swift in Sources */,
				AE53A41D27A0E616004DFB9B /* RegisterSummoerViewModel.swift in Sources */,
				AEEFBB5827A3A40D00E17FB9 /* RegisterAlertViewController.swift in Sources */,
				AEC7671027A137F000EBF3E4 /* LeagueEntryRequestDTO.swift in Sources */,
				AE143BE5279FE277002BBD24 /* BaseViewController.swift in Sources */,
				AEC766FF27A1159200EBF3E4 /* DefaultSummonerRepository.swift in Sources */,
				AEC766FC27A1154200EBF3E4 /* SummonerRepository.swift in Sources */,
				AEC7670C27A11BF900EBF3E4 /* SummonerRequestDTO.swift in Sources */,
				AE5115AE27ABB89B005533E4 /* SummonerRecordCoordinator.swift in Sources */,
				AEC766F827A113D800EBF3E4 /* SummonerInfoUseCase.swift in Sources */,
				AE143BAC279FC7D7002BBD24 /* AppDelegate.swift in Sources */,
				AEC7670727A1170A00EBF3E4 /* URL+.swift in Sources */,
				AE5115A727ABB3D8005533E4 /* SummonerRecordViewController.swift in Sources */,
				AEC766FA27A114BB00EBF3E4 /* Summoner.swift in Sources */,
				AEC7670A27A118AD00EBF3E4 /* Config.swift in Sources */,
				AE143BD3279FCE5A002BBD24 /* SummonerSearchCoordinator.swift in Sources */,
				AEC284AC27A277B000B31BD2 /* RiotAPI.swift in Sources */,
				AE143BAE279FC7D7002BBD24 /* SceneDelegate.swift in Sources */,
				AE143BE9279FE554002BBD24 /* UIColor+.swift in Sources */,
			);
			runOnlyForDeploymentPostprocessing = 0;
		};
/* End PBXSourcesBuildPhase section */

/* Begin PBXVariantGroup section */
		AE143BB6279FC7D8002BBD24 /* LaunchScreen.storyboard */ = {
			isa = PBXVariantGroup;
			children = (
				AE143BB7279FC7D8002BBD24 /* Base */,
			);
			name = LaunchScreen.storyboard;
			sourceTree = "<group>";
		};
/* End PBXVariantGroup section */

/* Begin XCBuildConfiguration section */
		AE143BBA279FC7D8002BBD24 /* Debug */ = {
			isa = XCBuildConfiguration;
			buildSettings = {
				ALWAYS_SEARCH_USER_PATHS = NO;
				CLANG_ANALYZER_NONNULL = YES;
				CLANG_ANALYZER_NUMBER_OBJECT_CONVERSION = YES_AGGRESSIVE;
				CLANG_CXX_LANGUAGE_STANDARD = "gnu++17";
				CLANG_CXX_LIBRARY = "libc++";
				CLANG_ENABLE_MODULES = YES;
				CLANG_ENABLE_OBJC_ARC = YES;
				CLANG_ENABLE_OBJC_WEAK = YES;
				CLANG_WARN_BLOCK_CAPTURE_AUTORELEASING = YES;
				CLANG_WARN_BOOL_CONVERSION = YES;
				CLANG_WARN_COMMA = YES;
				CLANG_WARN_CONSTANT_CONVERSION = YES;
				CLANG_WARN_DEPRECATED_OBJC_IMPLEMENTATIONS = YES;
				CLANG_WARN_DIRECT_OBJC_ISA_USAGE = YES_ERROR;
				CLANG_WARN_DOCUMENTATION_COMMENTS = YES;
				CLANG_WARN_EMPTY_BODY = YES;
				CLANG_WARN_ENUM_CONVERSION = YES;
				CLANG_WARN_INFINITE_RECURSION = YES;
				CLANG_WARN_INT_CONVERSION = YES;
				CLANG_WARN_NON_LITERAL_NULL_CONVERSION = YES;
				CLANG_WARN_OBJC_IMPLICIT_RETAIN_SELF = YES;
				CLANG_WARN_OBJC_LITERAL_CONVERSION = YES;
				CLANG_WARN_OBJC_ROOT_CLASS = YES_ERROR;
				CLANG_WARN_QUOTED_INCLUDE_IN_FRAMEWORK_HEADER = YES;
				CLANG_WARN_RANGE_LOOP_ANALYSIS = YES;
				CLANG_WARN_STRICT_PROTOTYPES = YES;
				CLANG_WARN_SUSPICIOUS_MOVE = YES;
				CLANG_WARN_UNGUARDED_AVAILABILITY = YES_AGGRESSIVE;
				CLANG_WARN_UNREACHABLE_CODE = YES;
				CLANG_WARN__DUPLICATE_METHOD_MATCH = YES;
				COPY_PHASE_STRIP = NO;
				DEBUG_INFORMATION_FORMAT = dwarf;
				ENABLE_STRICT_OBJC_MSGSEND = YES;
				ENABLE_TESTABILITY = YES;
				GCC_C_LANGUAGE_STANDARD = gnu11;
				GCC_DYNAMIC_NO_PIC = NO;
				GCC_NO_COMMON_BLOCKS = YES;
				GCC_OPTIMIZATION_LEVEL = 0;
				GCC_PREPROCESSOR_DEFINITIONS = (
					"DEBUG=1",
					"$(inherited)",
				);
				GCC_WARN_64_TO_32_BIT_CONVERSION = YES;
				GCC_WARN_ABOUT_RETURN_TYPE = YES_ERROR;
				GCC_WARN_UNDECLARED_SELECTOR = YES;
				GCC_WARN_UNINITIALIZED_AUTOS = YES_AGGRESSIVE;
				GCC_WARN_UNUSED_FUNCTION = YES;
				GCC_WARN_UNUSED_VARIABLE = YES;
				IPHONEOS_DEPLOYMENT_TARGET = 15.0;
				MTL_ENABLE_DEBUG_INFO = INCLUDE_SOURCE;
				MTL_FAST_MATH = YES;
				ONLY_ACTIVE_ARCH = YES;
				SDKROOT = iphoneos;
				SWIFT_ACTIVE_COMPILATION_CONDITIONS = DEBUG;
				SWIFT_OPTIMIZATION_LEVEL = "-Onone";
			};
			name = Debug;
		};
		AE143BBB279FC7D8002BBD24 /* Release */ = {
			isa = XCBuildConfiguration;
			buildSettings = {
				ALWAYS_SEARCH_USER_PATHS = NO;
				CLANG_ANALYZER_NONNULL = YES;
				CLANG_ANALYZER_NUMBER_OBJECT_CONVERSION = YES_AGGRESSIVE;
				CLANG_CXX_LANGUAGE_STANDARD = "gnu++17";
				CLANG_CXX_LIBRARY = "libc++";
				CLANG_ENABLE_MODULES = YES;
				CLANG_ENABLE_OBJC_ARC = YES;
				CLANG_ENABLE_OBJC_WEAK = YES;
				CLANG_WARN_BLOCK_CAPTURE_AUTORELEASING = YES;
				CLANG_WARN_BOOL_CONVERSION = YES;
				CLANG_WARN_COMMA = YES;
				CLANG_WARN_CONSTANT_CONVERSION = YES;
				CLANG_WARN_DEPRECATED_OBJC_IMPLEMENTATIONS = YES;
				CLANG_WARN_DIRECT_OBJC_ISA_USAGE = YES_ERROR;
				CLANG_WARN_DOCUMENTATION_COMMENTS = YES;
				CLANG_WARN_EMPTY_BODY = YES;
				CLANG_WARN_ENUM_CONVERSION = YES;
				CLANG_WARN_INFINITE_RECURSION = YES;
				CLANG_WARN_INT_CONVERSION = YES;
				CLANG_WARN_NON_LITERAL_NULL_CONVERSION = YES;
				CLANG_WARN_OBJC_IMPLICIT_RETAIN_SELF = YES;
				CLANG_WARN_OBJC_LITERAL_CONVERSION = YES;
				CLANG_WARN_OBJC_ROOT_CLASS = YES_ERROR;
				CLANG_WARN_QUOTED_INCLUDE_IN_FRAMEWORK_HEADER = YES;
				CLANG_WARN_RANGE_LOOP_ANALYSIS = YES;
				CLANG_WARN_STRICT_PROTOTYPES = YES;
				CLANG_WARN_SUSPICIOUS_MOVE = YES;
				CLANG_WARN_UNGUARDED_AVAILABILITY = YES_AGGRESSIVE;
				CLANG_WARN_UNREACHABLE_CODE = YES;
				CLANG_WARN__DUPLICATE_METHOD_MATCH = YES;
				COPY_PHASE_STRIP = NO;
				DEBUG_INFORMATION_FORMAT = "dwarf-with-dsym";
				ENABLE_NS_ASSERTIONS = NO;
				ENABLE_STRICT_OBJC_MSGSEND = YES;
				GCC_C_LANGUAGE_STANDARD = gnu11;
				GCC_NO_COMMON_BLOCKS = YES;
				GCC_WARN_64_TO_32_BIT_CONVERSION = YES;
				GCC_WARN_ABOUT_RETURN_TYPE = YES_ERROR;
				GCC_WARN_UNDECLARED_SELECTOR = YES;
				GCC_WARN_UNINITIALIZED_AUTOS = YES_AGGRESSIVE;
				GCC_WARN_UNUSED_FUNCTION = YES;
				GCC_WARN_UNUSED_VARIABLE = YES;
				IPHONEOS_DEPLOYMENT_TARGET = 15.0;
				MTL_ENABLE_DEBUG_INFO = NO;
				MTL_FAST_MATH = YES;
				SDKROOT = iphoneos;
				SWIFT_COMPILATION_MODE = wholemodule;
				SWIFT_OPTIMIZATION_LEVEL = "-O";
				VALIDATE_PRODUCT = YES;
			};
			name = Release;
		};
		AE143BBD279FC7D8002BBD24 /* Debug */ = {
			isa = XCBuildConfiguration;
			baseConfigurationReference = C9EC3D578D96F8EB713F87B8 /* Pods-LOLEasy.debug.xcconfig */;
			buildSettings = {
				ASSETCATALOG_COMPILER_APPICON_NAME = AppIcon;
				ASSETCATALOG_COMPILER_GLOBAL_ACCENT_COLOR_NAME = AccentColor;
				CODE_SIGN_STYLE = Automatic;
				CURRENT_PROJECT_VERSION = 1;
				DEVELOPMENT_TEAM = HWBJNMY98D;
				GENERATE_INFOPLIST_FILE = YES;
				INFOPLIST_FILE = LOLEasy/Info.plist;
				INFOPLIST_KEY_UIApplicationSupportsIndirectInputEvents = YES;
				INFOPLIST_KEY_UILaunchStoryboardName = LaunchScreen;
				INFOPLIST_KEY_UISupportedInterfaceOrientations_iPad = "UIInterfaceOrientationPortrait UIInterfaceOrientationPortraitUpsideDown UIInterfaceOrientationLandscapeLeft UIInterfaceOrientationLandscapeRight";
				INFOPLIST_KEY_UISupportedInterfaceOrientations_iPhone = "UIInterfaceOrientationPortrait UIInterfaceOrientationLandscapeLeft UIInterfaceOrientationLandscapeRight";
				IPHONEOS_DEPLOYMENT_TARGET = 13.0;
				LD_RUNPATH_SEARCH_PATHS = (
					"$(inherited)",
					"@executable_path/Frameworks",
				);
				MARKETING_VERSION = 1.0;
				PRODUCT_BUNDLE_IDENTIFIER = kr.co.test.LOLEasy;
				PRODUCT_NAME = "$(TARGET_NAME)";
				SWIFT_EMIT_LOC_STRINGS = YES;
				SWIFT_VERSION = 5.0;
				TARGETED_DEVICE_FAMILY = "1,2";
			};
			name = Debug;
		};
		AE143BBE279FC7D8002BBD24 /* Release */ = {
			isa = XCBuildConfiguration;
			baseConfigurationReference = DEFE31823E44469536052E42 /* Pods-LOLEasy.release.xcconfig */;
			buildSettings = {
				ASSETCATALOG_COMPILER_APPICON_NAME = AppIcon;
				ASSETCATALOG_COMPILER_GLOBAL_ACCENT_COLOR_NAME = AccentColor;
				CODE_SIGN_STYLE = Automatic;
				CURRENT_PROJECT_VERSION = 1;
				DEVELOPMENT_TEAM = HWBJNMY98D;
				GENERATE_INFOPLIST_FILE = YES;
				INFOPLIST_FILE = LOLEasy/Info.plist;
				INFOPLIST_KEY_UIApplicationSupportsIndirectInputEvents = YES;
				INFOPLIST_KEY_UILaunchStoryboardName = LaunchScreen;
				INFOPLIST_KEY_UISupportedInterfaceOrientations_iPad = "UIInterfaceOrientationPortrait UIInterfaceOrientationPortraitUpsideDown UIInterfaceOrientationLandscapeLeft UIInterfaceOrientationLandscapeRight";
				INFOPLIST_KEY_UISupportedInterfaceOrientations_iPhone = "UIInterfaceOrientationPortrait UIInterfaceOrientationLandscapeLeft UIInterfaceOrientationLandscapeRight";
				IPHONEOS_DEPLOYMENT_TARGET = 13.0;
				LD_RUNPATH_SEARCH_PATHS = (
					"$(inherited)",
					"@executable_path/Frameworks",
				);
				MARKETING_VERSION = 1.0;
				PRODUCT_BUNDLE_IDENTIFIER = kr.co.test.LOLEasy;
				PRODUCT_NAME = "$(TARGET_NAME)";
				SWIFT_EMIT_LOC_STRINGS = YES;
				SWIFT_VERSION = 5.0;
				TARGETED_DEVICE_FAMILY = "1,2";
			};
			name = Release;
		};
/* End XCBuildConfiguration section */

/* Begin XCConfigurationList section */
		AE143BA3279FC7D7002BBD24 /* Build configuration list for PBXProject "LOLEasy" */ = {
			isa = XCConfigurationList;
			buildConfigurations = (
				AE143BBA279FC7D8002BBD24 /* Debug */,
				AE143BBB279FC7D8002BBD24 /* Release */,
			);
			defaultConfigurationIsVisible = 0;
			defaultConfigurationName = Release;
		};
		AE143BBC279FC7D8002BBD24 /* Build configuration list for PBXNativeTarget "LOLEasy" */ = {
			isa = XCConfigurationList;
			buildConfigurations = (
				AE143BBD279FC7D8002BBD24 /* Debug */,
				AE143BBE279FC7D8002BBD24 /* Release */,
			);
			defaultConfigurationIsVisible = 0;
			defaultConfigurationName = Release;
		};
/* End XCConfigurationList section */

/* Begin XCRemoteSwiftPackageReference section */
		AE143BBF279FCB10002BBD24 /* XCRemoteSwiftPackageReference "SnapKit" */ = {
			isa = XCRemoteSwiftPackageReference;
			repositoryURL = "https://github.com/SnapKit/SnapKit.git";
			requirement = {
				kind = upToNextMajorVersion;
				minimumVersion = 5.0.0;
			};
		};
		AE143BC2279FCB1C002BBD24 /* XCRemoteSwiftPackageReference "Alamofire" */ = {
			isa = XCRemoteSwiftPackageReference;
			repositoryURL = "https://github.com/Alamofire/Alamofire.git";
			requirement = {
				kind = upToNextMajorVersion;
				minimumVersion = 5.0.0;
			};
		};
/* End XCRemoteSwiftPackageReference section */

/* Begin XCSwiftPackageProductDependency section */
		AE143BC0279FCB10002BBD24 /* SnapKit */ = {
			isa = XCSwiftPackageProductDependency;
			package = AE143BBF279FCB10002BBD24 /* XCRemoteSwiftPackageReference "SnapKit" */;
			productName = SnapKit;
		};
		AE143BC3279FCB1C002BBD24 /* Alamofire */ = {
			isa = XCSwiftPackageProductDependency;
			package = AE143BC2279FCB1C002BBD24 /* XCRemoteSwiftPackageReference "Alamofire" */;
			productName = Alamofire;
		};
/* End XCSwiftPackageProductDependency section */
	};
	rootObject = AE143BA0279FC7D7002BBD24 /* Project object */;
}
